// !$*UTF8*$!
{
	archiveVersion = 1;
	classes = {
	};
	objectVersion = 77;
	objects = {

/* Begin PBXBuildFile section */
		421F1EE32D916F70003BAB7B /* S22TG6-Checklists.json in Resources */ = {isa = PBXBuildFile; fileRef = 421F1EE22D916F70003BAB7B /* S22TG6-Checklists.json */; };
		421F1EE42D916F70003BAB7B /* S22TG6-Checklists.json in Resources */ = {isa = PBXBuildFile; fileRef = 421F1EE22D916F70003BAB7B /* S22TG6-Checklists.json */; };
		421F1EE62D91E584003BAB7B /* S22TG6-Checklists.txt in Resources */ = {isa = PBXBuildFile; fileRef = 421F1EE52D91E584003BAB7B /* S22TG6-Checklists.txt */; };
		42DAD7602D200DBD00BEC3C2 /* RZUtils in Frameworks */ = {isa = PBXBuildFile; productRef = 42DAD75F2D200DBD00BEC3C2 /* RZUtils */; };
		42DAD7622D200DBD00BEC3C2 /* RZUtilsSwift in Frameworks */ = {isa = PBXBuildFile; productRef = 42DAD7612D200DBD00BEC3C2 /* RZUtilsSwift */; };
		42DAD7642D200DBD00BEC3C2 /* RZUtilsSwiftUI in Frameworks */ = {isa = PBXBuildFile; productRef = 42DAD7632D200DBD00BEC3C2 /* RZUtilsSwiftUI */; };
		42DAD7662D200DBD00BEC3C2 /* RZUtilsUniversal in Frameworks */ = {isa = PBXBuildFile; productRef = 42DAD7652D200DBD00BEC3C2 /* RZUtilsUniversal */; };
		42DAD7DB2D25843200BEC3C2 /* AlertsToSimulate.json in Resources */ = {isa = PBXBuildFile; fileRef = 42DAD7DA2D25843200BEC3C2 /* AlertsToSimulate.json */; };
/* End PBXBuildFile section */

/* Begin PBXContainerItemProxy section */
		42DAD7422D20097E00BEC3C2 /* PBXContainerItemProxy */ = {
			isa = PBXContainerItemProxy;
			containerPortal = 42DAD7282D20097D00BEC3C2 /* Project object */;
			proxyType = 1;
			remoteGlobalIDString = 42DAD72F2D20097D00BEC3C2;
			remoteInfo = alertsimulator;
		};
/* End PBXContainerItemProxy section */

/* Begin PBXFileReference section */
		421F1EE22D916F70003BAB7B /* S22TG6-Checklists.json */ = {isa = PBXFileReference; lastKnownFileType = text.json; path = "S22TG6-Checklists.json"; sourceTree = "<group>"; };
		421F1EE52D91E584003BAB7B /* S22TG6-Checklists.txt */ = {isa = PBXFileReference; lastKnownFileType = text; path = "S22TG6-Checklists.txt"; sourceTree = "<group>"; };
		42DAD7302D20097D00BEC3C2 /* alertsimulator.app */ = {isa = PBXFileReference; explicitFileType = wrapper.application; includeInIndex = 0; path = alertsimulator.app; sourceTree = BUILT_PRODUCTS_DIR; };
		42DAD7412D20097E00BEC3C2 /* alertsimulatorTests.xctest */ = {isa = PBXFileReference; explicitFileType = wrapper.cfbundle; includeInIndex = 0; path = alertsimulatorTests.xctest; sourceTree = BUILT_PRODUCTS_DIR; };
		42DAD7DA2D25843200BEC3C2 /* AlertsToSimulate.json */ = {isa = PBXFileReference; lastKnownFileType = text.json; path = AlertsToSimulate.json; sourceTree = "<group>"; };
/* End PBXFileReference section */

/* Begin PBXFileSystemSynchronizedRootGroup section */
		42DAD7322D20097D00BEC3C2 /* alertsimulator */ = {
			isa = PBXFileSystemSynchronizedRootGroup;
			path = alertsimulator;
			sourceTree = "<group>";
		};
		42DAD7442D20097E00BEC3C2 /* alertsimulatorTests */ = {
			isa = PBXFileSystemSynchronizedRootGroup;
			path = alertsimulatorTests;
			sourceTree = "<group>";
		};
/* End PBXFileSystemSynchronizedRootGroup section */

/* Begin PBXFrameworksBuildPhase section */
		42DAD72D2D20097D00BEC3C2 /* Frameworks */ = {
			isa = PBXFrameworksBuildPhase;
			buildActionMask = 2147483647;
			files = (
				42DAD7622D200DBD00BEC3C2 /* RZUtilsSwift in Frameworks */,
				42DAD7602D200DBD00BEC3C2 /* RZUtils in Frameworks */,
				42DAD7662D200DBD00BEC3C2 /* RZUtilsUniversal in Frameworks */,
				42DAD7642D200DBD00BEC3C2 /* RZUtilsSwiftUI in Frameworks */,
			);
			runOnlyForDeploymentPostprocessing = 0;
		};
		42DAD73E2D20097E00BEC3C2 /* Frameworks */ = {
			isa = PBXFrameworksBuildPhase;
			buildActionMask = 2147483647;
			files = (
			);
			runOnlyForDeploymentPostprocessing = 0;
		};
/* End PBXFrameworksBuildPhase section */

/* Begin PBXGroup section */
		42DAD7272D20097D00BEC3C2 = {
			isa = PBXGroup;
			children = (
				42DAD7D22D206D6400BEC3C2 /* data */,
				42DAD7442D20097E00BEC3C2 /* alertsimulatorTests */,
				42DAD7312D20097D00BEC3C2 /* Products */,
				42DAD7322D20097D00BEC3C2 /* alertsimulator */,
			);
			sourceTree = "<group>";
		};
		42DAD7312D20097D00BEC3C2 /* Products */ = {
			isa = PBXGroup;
			children = (
				42DAD7302D20097D00BEC3C2 /* alertsimulator.app */,
				42DAD7412D20097E00BEC3C2 /* alertsimulatorTests.xctest */,
			);
			name = Products;
			sourceTree = "<group>";
		};
		42DAD7D22D206D6400BEC3C2 /* data */ = {
			isa = PBXGroup;
			children = (
				421F1EE52D91E584003BAB7B /* S22TG6-Checklists.txt */,
				421F1EE22D916F70003BAB7B /* S22TG6-Checklists.json */,
				42DAD7DA2D25843200BEC3C2 /* AlertsToSimulate.json */,
			);
			path = data;
			sourceTree = "<group>";
		};
/* End PBXGroup section */

/* Begin PBXNativeTarget section */
		42DAD72F2D20097D00BEC3C2 /* alertsimulator */ = {
			isa = PBXNativeTarget;
			buildConfigurationList = 42DAD7552D20097E00BEC3C2 /* Build configuration list for PBXNativeTarget "alertsimulator" */;
			buildPhases = (
				42DAD72C2D20097D00BEC3C2 /* Sources */,
				42DAD72D2D20097D00BEC3C2 /* Frameworks */,
				42DAD72E2D20097D00BEC3C2 /* Resources */,
			);
			buildRules = (
			);
			dependencies = (
			);
			fileSystemSynchronizedGroups = (
				42DAD7322D20097D00BEC3C2 /* alertsimulator */,
			);
			name = alertsimulator;
			packageProductDependencies = (
				42DAD75F2D200DBD00BEC3C2 /* RZUtils */,
				42DAD7612D200DBD00BEC3C2 /* RZUtilsSwift */,
				42DAD7632D200DBD00BEC3C2 /* RZUtilsSwiftUI */,
				42DAD7652D200DBD00BEC3C2 /* RZUtilsUniversal */,
			);
			productName = alertsimulator;
			productReference = 42DAD7302D20097D00BEC3C2 /* alertsimulator.app */;
			productType = "com.apple.product-type.application";
		};
		42DAD7402D20097E00BEC3C2 /* alertsimulatorTests */ = {
			isa = PBXNativeTarget;
			buildConfigurationList = 42DAD7582D20097E00BEC3C2 /* Build configuration list for PBXNativeTarget "alertsimulatorTests" */;
			buildPhases = (
				42DAD73D2D20097E00BEC3C2 /* Sources */,
				42DAD73E2D20097E00BEC3C2 /* Frameworks */,
				42DAD73F2D20097E00BEC3C2 /* Resources */,
			);
			buildRules = (
			);
			dependencies = (
				42DAD7432D20097E00BEC3C2 /* PBXTargetDependency */,
			);
			fileSystemSynchronizedGroups = (
				42DAD7442D20097E00BEC3C2 /* alertsimulatorTests */,
			);
			name = alertsimulatorTests;
			packageProductDependencies = (
			);
			productName = alertsimulatorTests;
			productReference = 42DAD7412D20097E00BEC3C2 /* alertsimulatorTests.xctest */;
			productType = "com.apple.product-type.bundle.unit-test";
		};
/* End PBXNativeTarget section */

/* Begin PBXProject section */
		42DAD7282D20097D00BEC3C2 /* Project object */ = {
			isa = PBXProject;
			attributes = {
				BuildIndependentTargetsInParallel = 1;
				LastSwiftUpdateCheck = 1620;
				LastUpgradeCheck = 1620;
				TargetAttributes = {
					42DAD72F2D20097D00BEC3C2 = {
						CreatedOnToolsVersion = 16.2;
					};
					42DAD7402D20097E00BEC3C2 = {
						CreatedOnToolsVersion = 16.2;
						TestTargetID = 42DAD72F2D20097D00BEC3C2;
					};
				};
			};
			buildConfigurationList = 42DAD72B2D20097D00BEC3C2 /* Build configuration list for PBXProject "alertsimulator" */;
			developmentRegion = en;
			hasScannedForEncodings = 0;
			knownRegions = (
				en,
				Base,
			);
			mainGroup = 42DAD7272D20097D00BEC3C2;
			minimizedProjectReferenceProxies = 1;
			packageReferences = (
				42DAD75E2D200DBD00BEC3C2 /* XCRemoteSwiftPackageReference "rzutils" */,
			);
			preferredProjectObjectVersion = 77;
			productRefGroup = 42DAD7312D20097D00BEC3C2 /* Products */;
			projectDirPath = "";
			projectRoot = "";
			targets = (
				42DAD72F2D20097D00BEC3C2 /* alertsimulator */,
				42DAD7402D20097E00BEC3C2 /* alertsimulatorTests */,
			);
		};
/* End PBXProject section */

/* Begin PBXResourcesBuildPhase section */
		42DAD72E2D20097D00BEC3C2 /* Resources */ = {
			isa = PBXResourcesBuildPhase;
			buildActionMask = 2147483647;
			files = (
				421F1EE42D916F70003BAB7B /* S22TG6-Checklists.json in Resources */,
				42DAD7DB2D25843200BEC3C2 /* AlertsToSimulate.json in Resources */,
			);
			runOnlyForDeploymentPostprocessing = 0;
		};
		42DAD73F2D20097E00BEC3C2 /* Resources */ = {
			isa = PBXResourcesBuildPhase;
			buildActionMask = 2147483647;
			files = (
				421F1EE32D916F70003BAB7B /* S22TG6-Checklists.json in Resources */,
				421F1EE62D91E584003BAB7B /* S22TG6-Checklists.txt in Resources */,
			);
			runOnlyForDeploymentPostprocessing = 0;
		};
/* End PBXResourcesBuildPhase section */

/* Begin PBXSourcesBuildPhase section */
		42DAD72C2D20097D00BEC3C2 /* Sources */ = {
			isa = PBXSourcesBuildPhase;
			buildActionMask = 2147483647;
			files = (
			);
			runOnlyForDeploymentPostprocessing = 0;
		};
		42DAD73D2D20097E00BEC3C2 /* Sources */ = {
			isa = PBXSourcesBuildPhase;
			buildActionMask = 2147483647;
			files = (
			);
			runOnlyForDeploymentPostprocessing = 0;
		};
/* End PBXSourcesBuildPhase section */

/* Begin PBXTargetDependency section */
		42DAD7432D20097E00BEC3C2 /* PBXTargetDependency */ = {
			isa = PBXTargetDependency;
			target = 42DAD72F2D20097D00BEC3C2 /* alertsimulator */;
			targetProxy = 42DAD7422D20097E00BEC3C2 /* PBXContainerItemProxy */;
		};
/* End PBXTargetDependency section */

/* Begin XCBuildConfiguration section */
		42DAD7532D20097E00BEC3C2 /* Debug */ = {
			isa = XCBuildConfiguration;
			buildSettings = {
				ALWAYS_SEARCH_USER_PATHS = NO;
				ASSETCATALOG_COMPILER_GENERATE_SWIFT_ASSET_SYMBOL_EXTENSIONS = YES;
				CLANG_ANALYZER_NONNULL = YES;
				CLANG_ANALYZER_NUMBER_OBJECT_CONVERSION = YES_AGGRESSIVE;
				CLANG_CXX_LANGUAGE_STANDARD = "gnu++20";
				CLANG_ENABLE_MODULES = YES;
				CLANG_ENABLE_OBJC_ARC = YES;
				CLANG_ENABLE_OBJC_WEAK = YES;
				CLANG_WARN_BLOCK_CAPTURE_AUTORELEASING = YES;
				CLANG_WARN_BOOL_CONVERSION = YES;
				CLANG_WARN_COMMA = YES;
				CLANG_WARN_CONSTANT_CONVERSION = YES;
				CLANG_WARN_DEPRECATED_OBJC_IMPLEMENTATIONS = YES;
				CLANG_WARN_DIRECT_OBJC_ISA_USAGE = YES_ERROR;
				CLANG_WARN_DOCUMENTATION_COMMENTS = YES;
				CLANG_WARN_EMPTY_BODY = YES;
				CLANG_WARN_ENUM_CONVERSION = YES;
				CLANG_WARN_INFINITE_RECURSION = YES;
				CLANG_WARN_INT_CONVERSION = YES;
				CLANG_WARN_NON_LITERAL_NULL_CONVERSION = YES;
				CLANG_WARN_OBJC_IMPLICIT_RETAIN_SELF = YES;
				CLANG_WARN_OBJC_LITERAL_CONVERSION = YES;
				CLANG_WARN_OBJC_ROOT_CLASS = YES_ERROR;
				CLANG_WARN_QUOTED_INCLUDE_IN_FRAMEWORK_HEADER = YES;
				CLANG_WARN_RANGE_LOOP_ANALYSIS = YES;
				CLANG_WARN_STRICT_PROTOTYPES = YES;
				CLANG_WARN_SUSPICIOUS_MOVE = YES;
				CLANG_WARN_UNGUARDED_AVAILABILITY = YES_AGGRESSIVE;
				CLANG_WARN_UNREACHABLE_CODE = YES;
				CLANG_WARN__DUPLICATE_METHOD_MATCH = YES;
				COPY_PHASE_STRIP = NO;
				DEBUG_INFORMATION_FORMAT = dwarf;
				ENABLE_STRICT_OBJC_MSGSEND = YES;
				ENABLE_TESTABILITY = YES;
				ENABLE_USER_SCRIPT_SANDBOXING = YES;
				GCC_C_LANGUAGE_STANDARD = gnu17;
				GCC_DYNAMIC_NO_PIC = NO;
				GCC_NO_COMMON_BLOCKS = YES;
				GCC_OPTIMIZATION_LEVEL = 0;
				GCC_PREPROCESSOR_DEFINITIONS = (
					"DEBUG=1",
					"$(inherited)",
				);
				GCC_WARN_64_TO_32_BIT_CONVERSION = YES;
				GCC_WARN_ABOUT_RETURN_TYPE = YES_ERROR;
				GCC_WARN_UNDECLARED_SELECTOR = YES;
				GCC_WARN_UNINITIALIZED_AUTOS = YES_AGGRESSIVE;
				GCC_WARN_UNUSED_FUNCTION = YES;
				GCC_WARN_UNUSED_VARIABLE = YES;
				LOCALIZATION_PREFERS_STRING_CATALOGS = YES;
				MTL_ENABLE_DEBUG_INFO = INCLUDE_SOURCE;
				MTL_FAST_MATH = YES;
				ONLY_ACTIVE_ARCH = YES;
				SWIFT_ACTIVE_COMPILATION_CONDITIONS = "DEBUG $(inherited)";
				SWIFT_OPTIMIZATION_LEVEL = "-Onone";
			};
			name = Debug;
		};
		42DAD7542D20097E00BEC3C2 /* Release */ = {
			isa = XCBuildConfiguration;
			buildSettings = {
				ALWAYS_SEARCH_USER_PATHS = NO;
				ASSETCATALOG_COMPILER_GENERATE_SWIFT_ASSET_SYMBOL_EXTENSIONS = YES;
				CLANG_ANALYZER_NONNULL = YES;
				CLANG_ANALYZER_NUMBER_OBJECT_CONVERSION = YES_AGGRESSIVE;
				CLANG_CXX_LANGUAGE_STANDARD = "gnu++20";
				CLANG_ENABLE_MODULES = YES;
				CLANG_ENABLE_OBJC_ARC = YES;
				CLANG_ENABLE_OBJC_WEAK = YES;
				CLANG_WARN_BLOCK_CAPTURE_AUTORELEASING = YES;
				CLANG_WARN_BOOL_CONVERSION = YES;
				CLANG_WARN_COMMA = YES;
				CLANG_WARN_CONSTANT_CONVERSION = YES;
				CLANG_WARN_DEPRECATED_OBJC_IMPLEMENTATIONS = YES;
				CLANG_WARN_DIRECT_OBJC_ISA_USAGE = YES_ERROR;
				CLANG_WARN_DOCUMENTATION_COMMENTS = YES;
				CLANG_WARN_EMPTY_BODY = YES;
				CLANG_WARN_ENUM_CONVERSION = YES;
				CLANG_WARN_INFINITE_RECURSION = YES;
				CLANG_WARN_INT_CONVERSION = YES;
				CLANG_WARN_NON_LITERAL_NULL_CONVERSION = YES;
				CLANG_WARN_OBJC_IMPLICIT_RETAIN_SELF = YES;
				CLANG_WARN_OBJC_LITERAL_CONVERSION = YES;
				CLANG_WARN_OBJC_ROOT_CLASS = YES_ERROR;
				CLANG_WARN_QUOTED_INCLUDE_IN_FRAMEWORK_HEADER = YES;
				CLANG_WARN_RANGE_LOOP_ANALYSIS = YES;
				CLANG_WARN_STRICT_PROTOTYPES = YES;
				CLANG_WARN_SUSPICIOUS_MOVE = YES;
				CLANG_WARN_UNGUARDED_AVAILABILITY = YES_AGGRESSIVE;
				CLANG_WARN_UNREACHABLE_CODE = YES;
				CLANG_WARN__DUPLICATE_METHOD_MATCH = YES;
				COPY_PHASE_STRIP = NO;
				DEBUG_INFORMATION_FORMAT = "dwarf-with-dsym";
				ENABLE_NS_ASSERTIONS = NO;
				ENABLE_STRICT_OBJC_MSGSEND = YES;
				ENABLE_USER_SCRIPT_SANDBOXING = YES;
				GCC_C_LANGUAGE_STANDARD = gnu17;
				GCC_NO_COMMON_BLOCKS = YES;
				GCC_WARN_64_TO_32_BIT_CONVERSION = YES;
				GCC_WARN_ABOUT_RETURN_TYPE = YES_ERROR;
				GCC_WARN_UNDECLARED_SELECTOR = YES;
				GCC_WARN_UNINITIALIZED_AUTOS = YES_AGGRESSIVE;
				GCC_WARN_UNUSED_FUNCTION = YES;
				GCC_WARN_UNUSED_VARIABLE = YES;
				LOCALIZATION_PREFERS_STRING_CATALOGS = YES;
				MTL_ENABLE_DEBUG_INFO = NO;
				MTL_FAST_MATH = YES;
				SWIFT_COMPILATION_MODE = wholemodule;
			};
			name = Release;
		};
		42DAD7562D20097E00BEC3C2 /* Debug */ = {
			isa = XCBuildConfiguration;
			buildSettings = {
				ASSETCATALOG_COMPILER_APPICON_NAME = AppIcon;
				ASSETCATALOG_COMPILER_GLOBAL_ACCENT_COLOR_NAME = AccentColor;
				CODE_SIGN_ENTITLEMENTS = alertsimulator/alertsimulator.entitlements;
				CODE_SIGN_STYLE = Automatic;
				CURRENT_PROJECT_VERSION = 4;
				DEVELOPMENT_ASSET_PATHS = "\"alertsimulator/Preview Content\"";
				DEVELOPMENT_TEAM = M7QSSF3624;
				ENABLE_HARDENED_RUNTIME = YES;
				ENABLE_PREVIEWS = YES;
				GENERATE_INFOPLIST_FILE = YES;
				INFOPLIST_KEY_CFBundleDisplayName = "Alert Simulator";
				INFOPLIST_KEY_LSApplicationCategoryType = "public.app-category.education";
				"INFOPLIST_KEY_UIApplicationSceneManifest_Generation[sdk=iphoneos*]" = YES;
				"INFOPLIST_KEY_UIApplicationSceneManifest_Generation[sdk=iphonesimulator*]" = YES;
				"INFOPLIST_KEY_UIApplicationSupportsIndirectInputEvents[sdk=iphoneos*]" = YES;
				"INFOPLIST_KEY_UIApplicationSupportsIndirectInputEvents[sdk=iphonesimulator*]" = YES;
				"INFOPLIST_KEY_UILaunchScreen_Generation[sdk=iphoneos*]" = YES;
				"INFOPLIST_KEY_UILaunchScreen_Generation[sdk=iphonesimulator*]" = YES;
				"INFOPLIST_KEY_UIStatusBarStyle[sdk=iphoneos*]" = UIStatusBarStyleDefault;
				"INFOPLIST_KEY_UIStatusBarStyle[sdk=iphonesimulator*]" = UIStatusBarStyleDefault;
				INFOPLIST_KEY_UISupportedInterfaceOrientations_iPad = "UIInterfaceOrientationPortrait UIInterfaceOrientationPortraitUpsideDown UIInterfaceOrientationLandscapeLeft UIInterfaceOrientationLandscapeRight";
				INFOPLIST_KEY_UISupportedInterfaceOrientations_iPhone = "UIInterfaceOrientationPortrait UIInterfaceOrientationLandscapeLeft UIInterfaceOrientationLandscapeRight";
				IPHONEOS_DEPLOYMENT_TARGET = 18.0;
				LD_RUNPATH_SEARCH_PATHS = "@executable_path/Frameworks";
				"LD_RUNPATH_SEARCH_PATHS[sdk=macosx*]" = "@executable_path/../Frameworks";
				MACOSX_DEPLOYMENT_TARGET = 15.1;
				MARKETING_VERSION = 1.2;
				PRODUCT_BUNDLE_IDENTIFIER = "net.ro-z.alertsimulator";
				PRODUCT_NAME = "$(TARGET_NAME)";
				SDKROOT = auto;
				SUPPORTED_PLATFORMS = "iphoneos iphonesimulator";
				SUPPORTS_MACCATALYST = NO;
				SWIFT_EMIT_LOC_STRINGS = YES;
				SWIFT_VERSION = 5.0;
				TARGETED_DEVICE_FAMILY = "1,2";
				VERSIONING_SYSTEM = "apple-generic";
				XROS_DEPLOYMENT_TARGET = 2.2;
			};
			name = Debug;
		};
		42DAD7572D20097E00BEC3C2 /* Release */ = {
			isa = XCBuildConfiguration;
			buildSettings = {
				ASSETCATALOG_COMPILER_APPICON_NAME = AppIcon;
				ASSETCATALOG_COMPILER_GLOBAL_ACCENT_COLOR_NAME = AccentColor;
				CODE_SIGN_ENTITLEMENTS = alertsimulator/alertsimulator.entitlements;
				CODE_SIGN_STYLE = Automatic;
				CURRENT_PROJECT_VERSION = 4;
				DEVELOPMENT_ASSET_PATHS = "\"alertsimulator/Preview Content\"";
				DEVELOPMENT_TEAM = M7QSSF3624;
				ENABLE_HARDENED_RUNTIME = YES;
				ENABLE_PREVIEWS = YES;
				GENERATE_INFOPLIST_FILE = YES;
				INFOPLIST_KEY_CFBundleDisplayName = "Alert Simulator";
				INFOPLIST_KEY_LSApplicationCategoryType = "public.app-category.education";
				"INFOPLIST_KEY_UIApplicationSceneManifest_Generation[sdk=iphoneos*]" = YES;
				"INFOPLIST_KEY_UIApplicationSceneManifest_Generation[sdk=iphonesimulator*]" = YES;
				"INFOPLIST_KEY_UIApplicationSupportsIndirectInputEvents[sdk=iphoneos*]" = YES;
				"INFOPLIST_KEY_UIApplicationSupportsIndirectInputEvents[sdk=iphonesimulator*]" = YES;
				"INFOPLIST_KEY_UILaunchScreen_Generation[sdk=iphoneos*]" = YES;
				"INFOPLIST_KEY_UILaunchScreen_Generation[sdk=iphonesimulator*]" = YES;
				"INFOPLIST_KEY_UIStatusBarStyle[sdk=iphoneos*]" = UIStatusBarStyleDefault;
				"INFOPLIST_KEY_UIStatusBarStyle[sdk=iphonesimulator*]" = UIStatusBarStyleDefault;
				INFOPLIST_KEY_UISupportedInterfaceOrientations_iPad = "UIInterfaceOrientationPortrait UIInterfaceOrientationPortraitUpsideDown UIInterfaceOrientationLandscapeLeft UIInterfaceOrientationLandscapeRight";
				INFOPLIST_KEY_UISupportedInterfaceOrientations_iPhone = "UIInterfaceOrientationPortrait UIInterfaceOrientationLandscapeLeft UIInterfaceOrientationLandscapeRight";
				IPHONEOS_DEPLOYMENT_TARGET = 18.0;
				LD_RUNPATH_SEARCH_PATHS = "@executable_path/Frameworks";
				"LD_RUNPATH_SEARCH_PATHS[sdk=macosx*]" = "@executable_path/../Frameworks";
				MACOSX_DEPLOYMENT_TARGET = 15.1;
				MARKETING_VERSION = 1.2;
				PRODUCT_BUNDLE_IDENTIFIER = "net.ro-z.alertsimulator";
				PRODUCT_NAME = "$(TARGET_NAME)";
				SDKROOT = auto;
				SUPPORTED_PLATFORMS = "iphoneos iphonesimulator";
				SUPPORTS_MACCATALYST = NO;
				SWIFT_EMIT_LOC_STRINGS = YES;
				SWIFT_VERSION = 5.0;
				TARGETED_DEVICE_FAMILY = "1,2";
				VERSIONING_SYSTEM = "apple-generic";
				XROS_DEPLOYMENT_TARGET = 2.2;
			};
			name = Release;
		};
		42DAD7592D20097E00BEC3C2 /* Debug */ = {
			isa = XCBuildConfiguration;
			buildSettings = {
				BUNDLE_LOADER = "$(TEST_HOST)";
				CODE_SIGN_STYLE = Automatic;
				CURRENT_PROJECT_VERSION = 1;
				DEVELOPMENT_TEAM = M7QSSF3624;
				GENERATE_INFOPLIST_FILE = YES;
				IPHONEOS_DEPLOYMENT_TARGET = 18.0;
				MACOSX_DEPLOYMENT_TARGET = 15.1;
				MARKETING_VERSION = 1.0;
				PRODUCT_BUNDLE_IDENTIFIER = "net.ro-z.alertsimulatorTests";
				PRODUCT_NAME = "$(TARGET_NAME)";
				SDKROOT = auto;
				SUPPORTED_PLATFORMS = "iphoneos iphonesimulator macosx xros xrsimulator";
				SWIFT_EMIT_LOC_STRINGS = NO;
				SWIFT_VERSION = 5.0;
				TARGETED_DEVICE_FAMILY = "1,2,7";
				TEST_HOST = "$(BUILT_PRODUCTS_DIR)/alertsimulator.app/$(BUNDLE_EXECUTABLE_FOLDER_PATH)/alertsimulator";
				XROS_DEPLOYMENT_TARGET = 2.2;
			};
			name = Debug;
		};
		42DAD75A2D20097E00BEC3C2 /* Release */ = {
			isa = XCBuildConfiguration;
			buildSettings = {
				BUNDLE_LOADER = "$(TEST_HOST)";
				CODE_SIGN_STYLE = Automatic;
				CURRENT_PROJECT_VERSION = 1;
				DEVELOPMENT_TEAM = M7QSSF3624;
				GENERATE_INFOPLIST_FILE = YES;
				IPHONEOS_DEPLOYMENT_TARGET = 18.0;
				MACOSX_DEPLOYMENT_TARGET = 15.1;
				MARKETING_VERSION = 1.0;
				PRODUCT_BUNDLE_IDENTIFIER = "net.ro-z.alertsimulatorTests";
				PRODUCT_NAME = "$(TARGET_NAME)";
				SDKROOT = auto;
				SUPPORTED_PLATFORMS = "iphoneos iphonesimulator macosx xros xrsimulator";
				SWIFT_EMIT_LOC_STRINGS = NO;
				SWIFT_VERSION = 5.0;
				TARGETED_DEVICE_FAMILY = "1,2,7";
				TEST_HOST = "$(BUILT_PRODUCTS_DIR)/alertsimulator.app/$(BUNDLE_EXECUTABLE_FOLDER_PATH)/alertsimulator";
				XROS_DEPLOYMENT_TARGET = 2.2;
			};
			name = Release;
		};
/* End XCBuildConfiguration section */

/* Begin XCConfigurationList section */
		42DAD72B2D20097D00BEC3C2 /* Build configuration list for PBXProject "alertsimulator" */ = {
			isa = XCConfigurationList;
			buildConfigurations = (
				42DAD7532D20097E00BEC3C2 /* Debug */,
				42DAD7542D20097E00BEC3C2 /* Release */,
			);
			defaultConfigurationIsVisible = 0;
			defaultConfigurationName = Release;
		};
		42DAD7552D20097E00BEC3C2 /* Build configuration list for PBXNativeTarget "alertsimulator" */ = {
			isa = XCConfigurationList;
			buildConfigurations = (
				42DAD7562D20097E00BEC3C2 /* Debug */,
				42DAD7572D20097E00BEC3C2 /* Release */,
			);
			defaultConfigurationIsVisible = 0;
			defaultConfigurationName = Release;
		};
		42DAD7582D20097E00BEC3C2 /* Build configuration list for PBXNativeTarget "alertsimulatorTests" */ = {
			isa = XCConfigurationList;
			buildConfigurations = (
				42DAD7592D20097E00BEC3C2 /* Debug */,
				42DAD75A2D20097E00BEC3C2 /* Release */,
			);
			defaultConfigurationIsVisible = 0;
			defaultConfigurationName = Release;
		};
/* End XCConfigurationList section */

/* Begin XCRemoteSwiftPackageReference section */
		42DAD75E2D200DBD00BEC3C2 /* XCRemoteSwiftPackageReference "rzutils" */ = {
			isa = XCRemoteSwiftPackageReference;
			repositoryURL = "https://github.com/roznet/rzutils";
			requirement = {
				kind = upToNextMajorVersion;
				minimumVersion = 1.0.28;
			};
		};
/* End XCRemoteSwiftPackageReference section */

/* Begin XCSwiftPackageProductDependency section */
		42DAD75F2D200DBD00BEC3C2 /* RZUtils */ = {
			isa = XCSwiftPackageProductDependency;
			package = 42DAD75E2D200DBD00BEC3C2 /* XCRemoteSwiftPackageReference "rzutils" */;
			productName = RZUtils;
		};
		42DAD7612D200DBD00BEC3C2 /* RZUtilsSwift */ = {
			isa = XCSwiftPackageProductDependency;
			package = 42DAD75E2D200DBD00BEC3C2 /* XCRemoteSwiftPackageReference "rzutils" */;
			productName = RZUtilsSwift;
		};
		42DAD7632D200DBD00BEC3C2 /* RZUtilsSwiftUI */ = {
			isa = XCSwiftPackageProductDependency;
			package = 42DAD75E2D200DBD00BEC3C2 /* XCRemoteSwiftPackageReference "rzutils" */;
			productName = RZUtilsSwiftUI;
		};
		42DAD7652D200DBD00BEC3C2 /* RZUtilsUniversal */ = {
			isa = XCSwiftPackageProductDependency;
			package = 42DAD75E2D200DBD00BEC3C2 /* XCRemoteSwiftPackageReference "rzutils" */;
			productName = RZUtilsUniversal;
		};
/* End XCSwiftPackageProductDependency section */
	};
	rootObject = 42DAD7282D20097D00BEC3C2 /* Project object */;
}
